
Microsoft Visual Studio Solution File, Format Version 12.00
# Visual Studio Version 17
VisualStudioVersion = 17.4.33213.308
MinimumVisualStudioVersion = 10.0.40219.1
Project("{FAE04EC0-301F-11D3-BF4B-00C04F79EFBC}") = "webapp-test", "webapp-test\webapp-test.csproj", "{9ACBF377-2E5B-4BA8-9C17-EC96A8779C1E}"
EndProject
Global
	GlobalSection(SolutionConfigurationPlatforms) = preSolution
		Debug|Any CPU = Debug|Any CPU
		Release|Any CPU = Release|Any CPU
	EndGlobalSection
	GlobalSection(ProjectConfigurationPlatforms) = postSolution
		{9ACBF377-2E5B-4BA8-9C17-EC96A8779C1E}.Debug|Any CPU.ActiveCfg = Debug|Any CPU
		{9ACBF377-2E5B-4BA8-9C17-EC96A8779C1E}.Debug|Any CPU.Build.0 = Debug|Any CPU
		{9ACBF377-2E5B-4BA8-9C17-EC96A8779C1E}.Release|Any CPU.ActiveCfg = Release|Any CPU
		{9ACBF377-2E5B-4BA8-9C17-EC96A8779C1E}.Release|Any CPU.Build.0 = Release|Any CPU
	EndGlobalSection
	GlobalSection(SolutionProperties) = preSolution
		HideSolutionNode = FALSE
	EndGlobalSection
	GlobalSection(ExtensibilityGlobals) = postSolution
		SolutionGuid = {78966AB3-8031-454D-9F5B-BC8FA396DBF2}
	EndGlobalSection
EndGlobal
